
Microsoft Visual Studio Solution File, Format Version 12.00
# Visual Studio 2012
Project("{FAE04EC0-301F-11D3-BF4B-00C04F79EFBC}") = "UDPReceiver", "UDPReceiver\UDPReceiver.csproj", "{BB89576B-F757-4853-8DCE-E96325795A4B}"
EndProject
Global
	GlobalSection(SolutionConfigurationPlatforms) = preSolution
		Debug|x86 = Debug|x86
		Release|x86 = Release|x86
	EndGlobalSection
	GlobalSection(ProjectConfigurationPlatforms) = postSolution
		{BB89576B-F757-4853-8DCE-E96325795A4B}.Debug|x86.ActiveCfg = Debug|x86
		{BB89576B-F757-4853-8DCE-E96325795A4B}.Debug|x86.Build.0 = Debug|x86
		{BB89576B-F757-4853-8DCE-E96325795A4B}.Release|x86.ActiveCfg = Release|x86
		{BB89576B-F757-4853-8DCE-E96325795A4B}.Release|x86.Build.0 = Release|x86
	EndGlobalSection
EndGlobal
